
Terraform used the selected providers to generate the following execution
plan. Resource actions are indicated with the following symbols:
  [32m+[0m create[0m

Terraform will perform the following actions:

[1m  # module.vpc.aws_eip.nat[0][0m will be created
[0m  [32m+[0m[0m resource "aws_eip" "nat" {
      [32m+[0m[0m allocation_id        = (known after apply)
      [32m+[0m[0m arn                  = (known after apply)
      [32m+[0m[0m association_id       = (known after apply)
      [32m+[0m[0m carrier_ip           = (known after apply)
      [32m+[0m[0m customer_owned_ip    = (known after apply)
      [32m+[0m[0m domain               = "vpc"
      [32m+[0m[0m id                   = (known after apply)
      [32m+[0m[0m instance             = (known after apply)
      [32m+[0m[0m ipam_pool_id         = (known after apply)
      [32m+[0m[0m network_border_group = (known after apply)
      [32m+[0m[0m network_interface    = (known after apply)
      [32m+[0m[0m private_dns          = (known after apply)
      [32m+[0m[0m private_ip           = (known after apply)
      [32m+[0m[0m ptr_record           = (known after apply)
      [32m+[0m[0m public_dns           = (known after apply)
      [32m+[0m[0m public_ip            = (known after apply)
      [32m+[0m[0m public_ipv4_pool     = (known after apply)
      [32m+[0m[0m tags                 = {
          [32m+[0m[0m "Environment" = "dev"
          [32m+[0m[0m "Name"        = "terrastack-eip-1"
        }
      [32m+[0m[0m tags_all             = {
          [32m+[0m[0m "Environment" = "dev"
          [32m+[0m[0m "ManagedBy"   = "Terraform"
          [32m+[0m[0m "Name"        = "terrastack-eip-1"
          [32m+[0m[0m "Owner"       = "Benjamin Burton"
          [32m+[0m[0m "Project"     = "TerraStack"
        }
      [32m+[0m[0m vpc                  = (known after apply)
    }

[1m  # module.vpc.aws_eip.nat[1][0m will be created
[0m  [32m+[0m[0m resource "aws_eip" "nat" {
      [32m+[0m[0m allocation_id        = (known after apply)
      [32m+[0m[0m arn                  = (known after apply)
      [32m+[0m[0m association_id       = (known after apply)
      [32m+[0m[0m carrier_ip           = (known after apply)
      [32m+[0m[0m customer_owned_ip    = (known after apply)
      [32m+[0m[0m domain               = "vpc"
      [32m+[0m[0m id                   = (known after apply)
      [32m+[0m[0m instance             = (known after apply)
      [32m+[0m[0m ipam_pool_id         = (known after apply)
      [32m+[0m[0m network_border_group = (known after apply)
      [32m+[0m[0m network_interface    = (known after apply)
      [32m+[0m[0m private_dns          = (known after apply)
      [32m+[0m[0m private_ip           = (known after apply)
      [32m+[0m[0m ptr_record           = (known after apply)
      [32m+[0m[0m public_dns           = (known after apply)
      [32m+[0m[0m public_ip            = (known after apply)
      [32m+[0m[0m public_ipv4_pool     = (known after apply)
      [32m+[0m[0m tags                 = {
          [32m+[0m[0m "Environment" = "dev"
          [32m+[0m[0m "Name"        = "terrastack-eip-2"
        }
      [32m+[0m[0m tags_all             = {
          [32m+[0m[0m "Environment" = "dev"
          [32m+[0m[0m "ManagedBy"   = "Terraform"
          [32m+[0m[0m "Name"        = "terrastack-eip-2"
          [32m+[0m[0m "Owner"       = "Benjamin Burton"
          [32m+[0m[0m "Project"     = "TerraStack"
        }
      [32m+[0m[0m vpc                  = (known after apply)
    }

[1m  # module.vpc.aws_internet_gateway.main[0m will be created
[0m  [32m+[0m[0m resource "aws_internet_gateway" "main" {
      [32m+[0m[0m arn      = (known after apply)
      [32m+[0m[0m id       = (known after apply)
      [32m+[0m[0m owner_id = (known after apply)
      [32m+[0m[0m tags     = {
          [32m+[0m[0m "Environment" = "dev"
          [32m+[0m[0m "Name"        = "terrastack-igw"
        }
      [32m+[0m[0m tags_all = {
          [32m+[0m[0m "Environment" = "dev"
          [32m+[0m[0m "ManagedBy"   = "Terraform"
          [32m+[0m[0m "Name"        = "terrastack-igw"
          [32m+[0m[0m "Owner"       = "Benjamin Burton"
          [32m+[0m[0m "Project"     = "TerraStack"
        }
      [32m+[0m[0m vpc_id   = (known after apply)
    }

[1m  # module.vpc.aws_nat_gateway.main[0][0m will be created
[0m  [32m+[0m[0m resource "aws_nat_gateway" "main" {
      [32m+[0m[0m allocation_id                      = (known after apply)
      [32m+[0m[0m association_id                     = (known after apply)
      [32m+[0m[0m connectivity_type                  = "public"
      [32m+[0m[0m id                                 = (known after apply)
      [32m+[0m[0m network_interface_id               = (known after apply)
      [32m+[0m[0m private_ip                         = (known after apply)
      [32m+[0m[0m public_ip                          = (known after apply)
      [32m+[0m[0m secondary_private_ip_address_count = (known after apply)
      [32m+[0m[0m secondary_private_ip_addresses     = (known after apply)
      [32m+[0m[0m subnet_id                          = (known after apply)
      [32m+[0m[0m tags                               = {
          [32m+[0m[0m "Environment" = "dev"
          [32m+[0m[0m "Name"        = "terrastack-nat-1"
        }
      [32m+[0m[0m tags_all                           = {
          [32m+[0m[0m "Environment" = "dev"
          [32m+[0m[0m "ManagedBy"   = "Terraform"
          [32m+[0m[0m "Name"        = "terrastack-nat-1"
          [32m+[0m[0m "Owner"       = "Benjamin Burton"
          [32m+[0m[0m "Project"     = "TerraStack"
        }
    }

[1m  # module.vpc.aws_nat_gateway.main[1][0m will be created
[0m  [32m+[0m[0m resource "aws_nat_gateway" "main" {
      [32m+[0m[0m allocation_id                      = (known after apply)
      [32m+[0m[0m association_id                     = (known after apply)
      [32m+[0m[0m connectivity_type                  = "public"
      [32m+[0m[0m id                                 = (known after apply)
      [32m+[0m[0m network_interface_id               = (known after apply)
      [32m+[0m[0m private_ip                         = (known after apply)
      [32m+[0m[0m public_ip                          = (known after apply)
      [32m+[0m[0m secondary_private_ip_address_count = (known after apply)
      [32m+[0m[0m secondary_private_ip_addresses     = (known after apply)
      [32m+[0m[0m subnet_id                          = (known after apply)
      [32m+[0m[0m tags                               = {
          [32m+[0m[0m "Environment" = "dev"
          [32m+[0m[0m "Name"        = "terrastack-nat-2"
        }
      [32m+[0m[0m tags_all                           = {
          [32m+[0m[0m "Environment" = "dev"
          [32m+[0m[0m "ManagedBy"   = "Terraform"
          [32m+[0m[0m "Name"        = "terrastack-nat-2"
          [32m+[0m[0m "Owner"       = "Benjamin Burton"
          [32m+[0m[0m "Project"     = "TerraStack"
        }
    }

[1m  # module.vpc.aws_route_table.private[0][0m will be created
[0m  [32m+[0m[0m resource "aws_route_table" "private" {
      [32m+[0m[0m arn              = (known after apply)
      [32m+[0m[0m id               = (known after apply)
      [32m+[0m[0m owner_id         = (known after apply)
      [32m+[0m[0m propagating_vgws = (known after apply)
      [32m+[0m[0m route            = [
          [32m+[0m[0m {
              [32m+[0m[0m cidr_block                 = "0.0.0.0/0"
              [32m+[0m[0m nat_gateway_id             = (known after apply)
                [90m# (11 unchanged attributes hidden)[0m[0m
            },
        ]
      [32m+[0m[0m tags             = {
          [32m+[0m[0m "Environment" = "dev"
          [32m+[0m[0m "Name"        = "terrastack-private-rt-1"
        }
      [32m+[0m[0m tags_all         = {
          [32m+[0m[0m "Environment" = "dev"
          [32m+[0m[0m "ManagedBy"   = "Terraform"
          [32m+[0m[0m "Name"        = "terrastack-private-rt-1"
          [32m+[0m[0m "Owner"       = "Benjamin Burton"
          [32m+[0m[0m "Project"     = "TerraStack"
        }
      [32m+[0m[0m vpc_id           = (known after apply)
    }

[1m  # module.vpc.aws_route_table.private[1][0m will be created
[0m  [32m+[0m[0m resource "aws_route_table" "private" {
      [32m+[0m[0m arn              = (known after apply)
      [32m+[0m[0m id               = (known after apply)
      [32m+[0m[0m owner_id         = (known after apply)
      [32m+[0m[0m propagating_vgws = (known after apply)
      [32m+[0m[0m route            = [
          [32m+[0m[0m {
              [32m+[0m[0m cidr_block                 = "0.0.0.0/0"
              [32m+[0m[0m nat_gateway_id             = (known after apply)
                [90m# (11 unchanged attributes hidden)[0m[0m
            },
        ]
      [32m+[0m[0m tags             = {
          [32m+[0m[0m "Environment" = "dev"
          [32m+[0m[0m "Name"        = "terrastack-private-rt-2"
        }
      [32m+[0m[0m tags_all         = {
          [32m+[0m[0m "Environment" = "dev"
          [32m+[0m[0m "ManagedBy"   = "Terraform"
          [32m+[0m[0m "Name"        = "terrastack-private-rt-2"
          [32m+[0m[0m "Owner"       = "Benjamin Burton"
          [32m+[0m[0m "Project"     = "TerraStack"
        }
      [32m+[0m[0m vpc_id           = (known after apply)
    }

[1m  # module.vpc.aws_route_table.public[0m will be created
[0m  [32m+[0m[0m resource "aws_route_table" "public" {
      [32m+[0m[0m arn              = (known after apply)
      [32m+[0m[0m id               = (known after apply)
      [32m+[0m[0m owner_id         = (known after apply)
      [32m+[0m[0m propagating_vgws = (known after apply)
      [32m+[0m[0m route            = [
          [32m+[0m[0m {
              [32m+[0m[0m cidr_block                 = "0.0.0.0/0"
              [32m+[0m[0m gateway_id                 = (known after apply)
                [90m# (11 unchanged attributes hidden)[0m[0m
            },
        ]
      [32m+[0m[0m tags             = {
          [32m+[0m[0m "Environment" = "dev"
          [32m+[0m[0m "Name"        = "terrastack-public-rt"
        }
      [32m+[0m[0m tags_all         = {
          [32m+[0m[0m "Environment" = "dev"
          [32m+[0m[0m "ManagedBy"   = "Terraform"
          [32m+[0m[0m "Name"        = "terrastack-public-rt"
          [32m+[0m[0m "Owner"       = "Benjamin Burton"
          [32m+[0m[0m "Project"     = "TerraStack"
        }
      [32m+[0m[0m vpc_id           = (known after apply)
    }

[1m  # module.vpc.aws_route_table_association.private[0][0m will be created
[0m  [32m+[0m[0m resource "aws_route_table_association" "private" {
      [32m+[0m[0m id             = (known after apply)
      [32m+[0m[0m route_table_id = (known after apply)
      [32m+[0m[0m subnet_id      = (known after apply)
    }

[1m  # module.vpc.aws_route_table_association.private[1][0m will be created
[0m  [32m+[0m[0m resource "aws_route_table_association" "private" {
      [32m+[0m[0m id             = (known after apply)
      [32m+[0m[0m route_table_id = (known after apply)
      [32m+[0m[0m subnet_id      = (known after apply)
    }

[1m  # module.vpc.aws_route_table_association.public[0][0m will be created
[0m  [32m+[0m[0m resource "aws_route_table_association" "public" {
      [32m+[0m[0m id             = (known after apply)
      [32m+[0m[0m route_table_id = (known after apply)
      [32m+[0m[0m subnet_id      = (known after apply)
    }

[1m  # module.vpc.aws_route_table_association.public[1][0m will be created
[0m  [32m+[0m[0m resource "aws_route_table_association" "public" {
      [32m+[0m[0m id             = (known after apply)
      [32m+[0m[0m route_table_id = (known after apply)
      [32m+[0m[0m subnet_id      = (known after apply)
    }

[1m  # module.vpc.aws_subnet.private[0][0m will be created
[0m  [32m+[0m[0m resource "aws_subnet" "private" {
      [32m+[0m[0m arn                                            = (known after apply)
      [32m+[0m[0m assign_ipv6_address_on_creation                = false
      [32m+[0m[0m availability_zone                              = "us-east-1a"
      [32m+[0m[0m availability_zone_id                           = (known after apply)
      [32m+[0m[0m cidr_block                                     = "10.0.11.0/24"
      [32m+[0m[0m enable_dns64                                   = false
      [32m+[0m[0m enable_resource_name_dns_a_record_on_launch    = false
      [32m+[0m[0m enable_resource_name_dns_aaaa_record_on_launch = false
      [32m+[0m[0m id                                             = (known after apply)
      [32m+[0m[0m ipv6_cidr_block_association_id                 = (known after apply)
      [32m+[0m[0m ipv6_native                                    = false
      [32m+[0m[0m map_public_ip_on_launch                        = false
      [32m+[0m[0m owner_id                                       = (known after apply)
      [32m+[0m[0m private_dns_hostname_type_on_launch            = (known after apply)
      [32m+[0m[0m tags                                           = {
          [32m+[0m[0m "Environment"                     = "dev"
          [32m+[0m[0m "Name"                            = "terrastack-private-us-east-1a"
          [32m+[0m[0m "kubernetes.io/role/internal-elb" = "1"
        }
      [32m+[0m[0m tags_all                                       = {
          [32m+[0m[0m "Environment"                     = "dev"
          [32m+[0m[0m "ManagedBy"                       = "Terraform"
          [32m+[0m[0m "Name"                            = "terrastack-private-us-east-1a"
          [32m+[0m[0m "Owner"                           = "Benjamin Burton"
          [32m+[0m[0m "Project"                         = "TerraStack"
          [32m+[0m[0m "kubernetes.io/role/internal-elb" = "1"
        }
      [32m+[0m[0m vpc_id                                         = (known after apply)
    }

[1m  # module.vpc.aws_subnet.private[1][0m will be created
[0m  [32m+[0m[0m resource "aws_subnet" "private" {
      [32m+[0m[0m arn                                            = (known after apply)
      [32m+[0m[0m assign_ipv6_address_on_creation                = false
      [32m+[0m[0m availability_zone                              = "us-east-1b"
      [32m+[0m[0m availability_zone_id                           = (known after apply)
      [32m+[0m[0m cidr_block                                     = "10.0.12.0/24"
      [32m+[0m[0m enable_dns64                                   = false
      [32m+[0m[0m enable_resource_name_dns_a_record_on_launch    = false
      [32m+[0m[0m enable_resource_name_dns_aaaa_record_on_launch = false
      [32m+[0m[0m id                                             = (known after apply)
      [32m+[0m[0m ipv6_cidr_block_association_id                 = (known after apply)
      [32m+[0m[0m ipv6_native                                    = false
      [32m+[0m[0m map_public_ip_on_launch                        = false
      [32m+[0m[0m owner_id                                       = (known after apply)
      [32m+[0m[0m private_dns_hostname_type_on_launch            = (known after apply)
      [32m+[0m[0m tags                                           = {
          [32m+[0m[0m "Environment"                     = "dev"
          [32m+[0m[0m "Name"                            = "terrastack-private-us-east-1b"
          [32m+[0m[0m "kubernetes.io/role/internal-elb" = "1"
        }
      [32m+[0m[0m tags_all                                       = {
          [32m+[0m[0m "Environment"                     = "dev"
          [32m+[0m[0m "ManagedBy"                       = "Terraform"
          [32m+[0m[0m "Name"                            = "terrastack-private-us-east-1b"
          [32m+[0m[0m "Owner"                           = "Benjamin Burton"
          [32m+[0m[0m "Project"                         = "TerraStack"
          [32m+[0m[0m "kubernetes.io/role/internal-elb" = "1"
        }
      [32m+[0m[0m vpc_id                                         = (known after apply)
    }

[1m  # module.vpc.aws_subnet.public[0][0m will be created
[0m  [32m+[0m[0m resource "aws_subnet" "public" {
      [32m+[0m[0m arn                                            = (known after apply)
      [32m+[0m[0m assign_ipv6_address_on_creation                = false
      [32m+[0m[0m availability_zone                              = "us-east-1a"
      [32m+[0m[0m availability_zone_id                           = (known after apply)
      [32m+[0m[0m cidr_block                                     = "10.0.1.0/24"
      [32m+[0m[0m enable_dns64                                   = false
      [32m+[0m[0m enable_resource_name_dns_a_record_on_launch    = false
      [32m+[0m[0m enable_resource_name_dns_aaaa_record_on_launch = false
      [32m+[0m[0m id                                             = (known after apply)
      [32m+[0m[0m ipv6_cidr_block_association_id                 = (known after apply)
      [32m+[0m[0m ipv6_native                                    = false
      [32m+[0m[0m map_public_ip_on_launch                        = true
      [32m+[0m[0m owner_id                                       = (known after apply)
      [32m+[0m[0m private_dns_hostname_type_on_launch            = (known after apply)
      [32m+[0m[0m tags                                           = {
          [32m+[0m[0m "Environment"            = "dev"
          [32m+[0m[0m "Name"                   = "terrastack-public-us-east-1a"
          [32m+[0m[0m "kubernetes.io/role/elb" = "1"
        }
      [32m+[0m[0m tags_all                                       = {
          [32m+[0m[0m "Environment"            = "dev"
          [32m+[0m[0m "ManagedBy"              = "Terraform"
          [32m+[0m[0m "Name"                   = "terrastack-public-us-east-1a"
          [32m+[0m[0m "Owner"                  = "Benjamin Burton"
          [32m+[0m[0m "Project"                = "TerraStack"
          [32m+[0m[0m "kubernetes.io/role/elb" = "1"
        }
      [32m+[0m[0m vpc_id                                         = (known after apply)
    }

[1m  # module.vpc.aws_subnet.public[1][0m will be created
[0m  [32m+[0m[0m resource "aws_subnet" "public" {
      [32m+[0m[0m arn                                            = (known after apply)
      [32m+[0m[0m assign_ipv6_address_on_creation                = false
      [32m+[0m[0m availability_zone                              = "us-east-1b"
      [32m+[0m[0m availability_zone_id                           = (known after apply)
      [32m+[0m[0m cidr_block                                     = "10.0.2.0/24"
      [32m+[0m[0m enable_dns64                                   = false
      [32m+[0m[0m enable_resource_name_dns_a_record_on_launch    = false
      [32m+[0m[0m enable_resource_name_dns_aaaa_record_on_launch = false
      [32m+[0m[0m id                                             = (known after apply)
      [32m+[0m[0m ipv6_cidr_block_association_id                 = (known after apply)
      [32m+[0m[0m ipv6_native                                    = false
      [32m+[0m[0m map_public_ip_on_launch                        = true
      [32m+[0m[0m owner_id                                       = (known after apply)
      [32m+[0m[0m private_dns_hostname_type_on_launch            = (known after apply)
      [32m+[0m[0m tags                                           = {
          [32m+[0m[0m "Environment"            = "dev"
          [32m+[0m[0m "Name"                   = "terrastack-public-us-east-1b"
          [32m+[0m[0m "kubernetes.io/role/elb" = "1"
        }
      [32m+[0m[0m tags_all                                       = {
          [32m+[0m[0m "Environment"            = "dev"
          [32m+[0m[0m "ManagedBy"              = "Terraform"
          [32m+[0m[0m "Name"                   = "terrastack-public-us-east-1b"
          [32m+[0m[0m "Owner"                  = "Benjamin Burton"
          [32m+[0m[0m "Project"                = "TerraStack"
          [32m+[0m[0m "kubernetes.io/role/elb" = "1"
        }
      [32m+[0m[0m vpc_id                                         = (known after apply)
    }

[1m  # module.vpc.aws_vpc.main[0m will be created
[0m  [32m+[0m[0m resource "aws_vpc" "main" {
      [32m+[0m[0m arn                                  = (known after apply)
      [32m+[0m[0m cidr_block                           = "10.0.0.0/16"
      [32m+[0m[0m default_network_acl_id               = (known after apply)
      [32m+[0m[0m default_route_table_id               = (known after apply)
      [32m+[0m[0m default_security_group_id            = (known after apply)
      [32m+[0m[0m dhcp_options_id                      = (known after apply)
      [32m+[0m[0m enable_dns_hostnames                 = true
      [32m+[0m[0m enable_dns_support                   = true
      [32m+[0m[0m enable_network_address_usage_metrics = (known after apply)
      [32m+[0m[0m id                                   = (known after apply)
      [32m+[0m[0m instance_tenancy                     = "default"
      [32m+[0m[0m ipv6_association_id                  = (known after apply)
      [32m+[0m[0m ipv6_cidr_block                      = (known after apply)
      [32m+[0m[0m ipv6_cidr_block_network_border_group = (known after apply)
      [32m+[0m[0m main_route_table_id                  = (known after apply)
      [32m+[0m[0m owner_id                             = (known after apply)
      [32m+[0m[0m tags                                 = {
          [32m+[0m[0m "Environment" = "dev"
          [32m+[0m[0m "Name"        = "terrastack-vpc"
        }
      [32m+[0m[0m tags_all                             = {
          [32m+[0m[0m "Environment" = "dev"
          [32m+[0m[0m "ManagedBy"   = "Terraform"
          [32m+[0m[0m "Name"        = "terrastack-vpc"
          [32m+[0m[0m "Owner"       = "Benjamin Burton"
          [32m+[0m[0m "Project"     = "TerraStack"
        }
    }

[1mPlan:[0m 17 to add, 0 to change, 0 to destroy.
[0m
Changes to Outputs:
  [32m+[0m[0m nat_gateway_ips    = [
      [32m+[0m[0m (known after apply),
      [32m+[0m[0m (known after apply),
    ]
  [32m+[0m[0m private_subnet_ids = [
      [32m+[0m[0m (known after apply),
      [32m+[0m[0m (known after apply),
    ]
  [32m+[0m[0m public_subnet_ids  = [
      [32m+[0m[0m (known after apply),
      [32m+[0m[0m (known after apply),
    ]
  [32m+[0m[0m vpc_cidr           = "10.0.0.0/16"
  [32m+[0m[0m vpc_id             = (known after apply)
